
Microsoft Visual Studio Solution File, Format Version 12.00
# Visual Studio 15
VisualStudioVersion = 15.0.28010.2026
MinimumVisualStudioVersion = 10.0.40219.1
Project("{FAE04EC0-301F-11D3-BF4B-00C04F79EFBC}") = "practice", "practice\practice.csproj", "{22554613-B126-4943-9163-A10E203643C3}"
EndProject
Global
	GlobalSection(SolutionConfigurationPlatforms) = preSolution
		Debug|Any CPU = Debug|Any CPU
		Release|Any CPU = Release|Any CPU
	EndGlobalSection
	GlobalSection(ProjectConfigurationPlatforms) = postSolution
		{22554613-B126-4943-9163-A10E203643C3}.Debug|Any CPU.ActiveCfg = Debug|Any CPU
		{22554613-B126-4943-9163-A10E203643C3}.Debug|Any CPU.Build.0 = Debug|Any CPU
		{22554613-B126-4943-9163-A10E203643C3}.Release|Any CPU.ActiveCfg = Release|Any CPU
		{22554613-B126-4943-9163-A10E203643C3}.Release|Any CPU.Build.0 = Release|Any CPU
	EndGlobalSection
	GlobalSection(SolutionProperties) = preSolution
		HideSolutionNode = FALSE
	EndGlobalSection
	GlobalSection(ExtensibilityGlobals) = postSolution
		SolutionGuid = {8C968D29-F19B-45CA-B7DB-E1EA7BA9E979}
	EndGlobalSection
EndGlobal
